// !$*UTF8*$!
{
	archiveVersion = 1;
	classes = {
	};
	objectVersion = 56;
	objects = {

/* Begin PBXBuildFile section */
		A80EA36D2AB61884002DFC35 /* AutoSoundtrackApp.swift in Sources */ = {isa = PBXBuildFile; fileRef = A80EA36C2AB61884002DFC35 /* AutoSoundtrackApp.swift */; };
		A80EA3712AB61889002DFC35 /* Assets.xcassets in Resources */ = {isa = PBXBuildFile; fileRef = A80EA3702AB61889002DFC35 /* Assets.xcassets */; };
		A80EA3742AB61889002DFC35 /* Preview Assets.xcassets in Resources */ = {isa = PBXBuildFile; fileRef = A80EA3732AB61889002DFC35 /* Preview Assets.xcassets */; };
		A80EA37B2AB618F2002DFC35 /* AutoSoundTrackView.swift in Sources */ = {isa = PBXBuildFile; fileRef = A80EA37A2AB618F2002DFC35 /* AutoSoundTrackView.swift */; };
		A80EA37D2AB6194A002DFC35 /* AutoSoundtrackViewModel.swift in Sources */ = {isa = PBXBuildFile; fileRef = A80EA37C2AB6194A002DFC35 /* AutoSoundtrackViewModel.swift */; };
		A80EA37F2AB61982002DFC35 /* AutoSoundtrackModel.swift in Sources */ = {isa = PBXBuildFile; fileRef = A80EA37E2AB61982002DFC35 /* AutoSoundtrackModel.swift */; };
		A80EA3812AB6215A002DFC35 /* Camera.swift in Sources */ = {isa = PBXBuildFile; fileRef = A80EA3802AB6215A002DFC35 /* Camera.swift */; };
		A80EA3832AB625BE002DFC35 /* CameraDataModel.swift in Sources */ = {isa = PBXBuildFile; fileRef = A80EA3822AB625BE002DFC35 /* CameraDataModel.swift */; };
		A80EA3852AB625FA002DFC35 /* CameraView.swift in Sources */ = {isa = PBXBuildFile; fileRef = A80EA3842AB625FA002DFC35 /* CameraView.swift */; };
		A80EA3872AB6266A002DFC35 /* CameraViewFinderView.swift in Sources */ = {isa = PBXBuildFile; fileRef = A80EA3862AB6266A002DFC35 /* CameraViewFinderView.swift */; };
		A80EA3892AB626B0002DFC35 /* CameraThumbnailView.swift in Sources */ = {isa = PBXBuildFile; fileRef = A80EA3882AB626B0002DFC35 /* CameraThumbnailView.swift */; };
/* End PBXBuildFile section */

/* Begin PBXFileReference section */
		A80EA3692AB61884002DFC35 /* AutoSoundtrack.app */ = {isa = PBXFileReference; explicitFileType = wrapper.application; includeInIndex = 0; path = AutoSoundtrack.app; sourceTree = BUILT_PRODUCTS_DIR; };
		A80EA36C2AB61884002DFC35 /* AutoSoundtrackApp.swift */ = {isa = PBXFileReference; lastKnownFileType = sourcecode.swift; path = AutoSoundtrackApp.swift; sourceTree = "<group>"; };
		A80EA3702AB61889002DFC35 /* Assets.xcassets */ = {isa = PBXFileReference; lastKnownFileType = folder.assetcatalog; path = Assets.xcassets; sourceTree = "<group>"; };
		A80EA3732AB61889002DFC35 /* Preview Assets.xcassets */ = {isa = PBXFileReference; lastKnownFileType = folder.assetcatalog; path = "Preview Assets.xcassets"; sourceTree = "<group>"; };
		A80EA37A2AB618F2002DFC35 /* AutoSoundTrackView.swift */ = {isa = PBXFileReference; lastKnownFileType = sourcecode.swift; path = AutoSoundTrackView.swift; sourceTree = "<group>"; };
		A80EA37C2AB6194A002DFC35 /* AutoSoundtrackViewModel.swift */ = {isa = PBXFileReference; lastKnownFileType = sourcecode.swift; path = AutoSoundtrackViewModel.swift; sourceTree = "<group>"; };
		A80EA37E2AB61982002DFC35 /* AutoSoundtrackModel.swift */ = {isa = PBXFileReference; lastKnownFileType = sourcecode.swift; path = AutoSoundtrackModel.swift; sourceTree = "<group>"; };
		A80EA3802AB6215A002DFC35 /* Camera.swift */ = {isa = PBXFileReference; lastKnownFileType = sourcecode.swift; path = Camera.swift; sourceTree = "<group>"; };
		A80EA3822AB625BE002DFC35 /* CameraDataModel.swift */ = {isa = PBXFileReference; lastKnownFileType = sourcecode.swift; path = CameraDataModel.swift; sourceTree = "<group>"; };
		A80EA3842AB625FA002DFC35 /* CameraView.swift */ = {isa = PBXFileReference; lastKnownFileType = sourcecode.swift; path = CameraView.swift; sourceTree = "<group>"; };
		A80EA3862AB6266A002DFC35 /* CameraViewFinderView.swift */ = {isa = PBXFileReference; lastKnownFileType = sourcecode.swift; path = CameraViewFinderView.swift; sourceTree = "<group>"; };
		A80EA3882AB626B0002DFC35 /* CameraThumbnailView.swift */ = {isa = PBXFileReference; lastKnownFileType = sourcecode.swift; path = CameraThumbnailView.swift; sourceTree = "<group>"; };
		A80EA38A2AB62BEC002DFC35 /* Info.plist */ = {isa = PBXFileReference; lastKnownFileType = text.plist; path = Info.plist; sourceTree = "<group>"; };
/* End PBXFileReference section */

/* Begin PBXFrameworksBuildPhase section */
		A80EA3662AB61884002DFC35 /* Frameworks */ = {
			isa = PBXFrameworksBuildPhase;
			buildActionMask = 2147483647;
			files = (
			);
			runOnlyForDeploymentPostprocessing = 0;
		};
/* End PBXFrameworksBuildPhase section */

/* Begin PBXGroup section */
		A80EA3602AB61884002DFC35 = {
			isa = PBXGroup;
			children = (
				A80EA36B2AB61884002DFC35 /* AutoSoundtrack */,
				A80EA36A2AB61884002DFC35 /* Products */,
			);
			sourceTree = "<group>";
		};
		A80EA36A2AB61884002DFC35 /* Products */ = {
			isa = PBXGroup;
			children = (
				A80EA3692AB61884002DFC35 /* AutoSoundtrack.app */,
			);
			name = Products;
			sourceTree = "<group>";
		};
		A80EA36B2AB61884002DFC35 /* AutoSoundtrack */ = {
			isa = PBXGroup;
			children = (
				A80EA38A2AB62BEC002DFC35 /* Info.plist */,
				A80EA36C2AB61884002DFC35 /* AutoSoundtrackApp.swift */,
				A80EA37C2AB6194A002DFC35 /* AutoSoundtrackViewModel.swift */,
				A80EA37E2AB61982002DFC35 /* AutoSoundtrackModel.swift */,
				A80EA37A2AB618F2002DFC35 /* AutoSoundTrackView.swift */,
				A80EA3802AB6215A002DFC35 /* Camera.swift */,
				A80EA3822AB625BE002DFC35 /* CameraDataModel.swift */,
				A80EA3842AB625FA002DFC35 /* CameraView.swift */,
				A80EA3862AB6266A002DFC35 /* CameraViewFinderView.swift */,
				A80EA3882AB626B0002DFC35 /* CameraThumbnailView.swift */,
				A80EA3702AB61889002DFC35 /* Assets.xcassets */,
				A80EA3722AB61889002DFC35 /* Preview Content */,
			);
			path = AutoSoundtrack;
			sourceTree = "<group>";
		};
		A80EA3722AB61889002DFC35 /* Preview Content */ = {
			isa = PBXGroup;
			children = (
				A80EA3732AB61889002DFC35 /* Preview Assets.xcassets */,
			);
			path = "Preview Content";
			sourceTree = "<group>";
		};
/* End PBXGroup section */

/* Begin PBXNativeTarget section */
		A80EA3682AB61884002DFC35 /* AutoSoundtrack */ = {
			isa = PBXNativeTarget;
			buildConfigurationList = A80EA3772AB61889002DFC35 /* Build configuration list for PBXNativeTarget "AutoSoundtrack" */;
			buildPhases = (
				A80EA3652AB61884002DFC35 /* Sources */,
				A80EA3662AB61884002DFC35 /* Frameworks */,
				A80EA3672AB61884002DFC35 /* Resources */,
			);
			buildRules = (
			);
			dependencies = (
			);
			name = AutoSoundtrack;
			productName = AutoSoundtrack;
			productReference = A80EA3692AB61884002DFC35 /* AutoSoundtrack.app */;
			productType = "com.apple.product-type.application";
		};
/* End PBXNativeTarget section */

/* Begin PBXProject section */
		A80EA3612AB61884002DFC35 /* Project object */ = {
			isa = PBXProject;
			attributes = {
				BuildIndependentTargetsInParallel = 1;
				LastSwiftUpdateCheck = 1420;
				LastUpgradeCheck = 1420;
				TargetAttributes = {
					A80EA3682AB61884002DFC35 = {
						CreatedOnToolsVersion = 14.2;
					};
				};
			};
			buildConfigurationList = A80EA3642AB61884002DFC35 /* Build configuration list for PBXProject "AutoSoundtrack" */;
			compatibilityVersion = "Xcode 14.0";
			developmentRegion = en;
			hasScannedForEncodings = 0;
			knownRegions = (
				en,
				Base,
			);
			mainGroup = A80EA3602AB61884002DFC35;
			productRefGroup = A80EA36A2AB61884002DFC35 /* Products */;
			projectDirPath = "";
			projectRoot = "";
			targets = (
				A80EA3682AB61884002DFC35 /* AutoSoundtrack */,
			);
		};
/* End PBXProject section */

/* Begin PBXResourcesBuildPhase section */
		A80EA3672AB61884002DFC35 /* Resources */ = {
			isa = PBXResourcesBuildPhase;
			buildActionMask = 2147483647;
			files = (
				A80EA3742AB61889002DFC35 /* Preview Assets.xcassets in Resources */,
				A80EA3712AB61889002DFC35 /* Assets.xcassets in Resources */,
			);
			runOnlyForDeploymentPostprocessing = 0;
		};
/* End PBXResourcesBuildPhase section */

/* Begin PBXSourcesBuildPhase section */
		A80EA3652AB61884002DFC35 /* Sources */ = {
			isa = PBXSourcesBuildPhase;
			buildActionMask = 2147483647;
			files = (
				A80EA37F2AB61982002DFC35 /* AutoSoundtrackModel.swift in Sources */,
				A80EA3852AB625FA002DFC35 /* CameraView.swift in Sources */,
				A80EA3892AB626B0002DFC35 /* CameraThumbnailView.swift in Sources */,
				A80EA3812AB6215A002DFC35 /* Camera.swift in Sources */,
				A80EA37D2AB6194A002DFC35 /* AutoSoundtrackViewModel.swift in Sources */,
				A80EA3872AB6266A002DFC35 /* CameraViewFinderView.swift in Sources */,
				A80EA37B2AB618F2002DFC35 /* AutoSoundTrackView.swift in Sources */,
				A80EA3832AB625BE002DFC35 /* CameraDataModel.swift in Sources */,
				A80EA36D2AB61884002DFC35 /* AutoSoundtrackApp.swift in Sources */,
			);
			runOnlyForDeploymentPostprocessing = 0;
		};
/* End PBXSourcesBuildPhase section */

/* Begin XCBuildConfiguration section */
		A80EA3752AB61889002DFC35 /* Debug */ = {
			isa = XCBuildConfiguration;
			buildSettings = {
				ALWAYS_SEARCH_USER_PATHS = NO;
				CLANG_ANALYZER_NONNULL = YES;
				CLANG_ANALYZER_NUMBER_OBJECT_CONVERSION = YES_AGGRESSIVE;
				CLANG_CXX_LANGUAGE_STANDARD = "gnu++20";
				CLANG_ENABLE_MODULES = YES;
				CLANG_ENABLE_OBJC_ARC = YES;
				CLANG_ENABLE_OBJC_WEAK = YES;
				CLANG_WARN_BLOCK_CAPTURE_AUTORELEASING = YES;
				CLANG_WARN_BOOL_CONVERSION = YES;
				CLANG_WARN_COMMA = YES;
				CLANG_WARN_CONSTANT_CONVERSION = YES;
				CLANG_WARN_DEPRECATED_OBJC_IMPLEMENTATIONS = YES;
				CLANG_WARN_DIRECT_OBJC_ISA_USAGE = YES_ERROR;
				CLANG_WARN_DOCUMENTATION_COMMENTS = YES;
				CLANG_WARN_EMPTY_BODY = YES;
				CLANG_WARN_ENUM_CONVERSION = YES;
				CLANG_WARN_INFINITE_RECURSION = YES;
				CLANG_WARN_INT_CONVERSION = YES;
				CLANG_WARN_NON_LITERAL_NULL_CONVERSION = YES;
				CLANG_WARN_OBJC_IMPLICIT_RETAIN_SELF = YES;
				CLANG_WARN_OBJC_LITERAL_CONVERSION = YES;
				CLANG_WARN_OBJC_ROOT_CLASS = YES_ERROR;
				CLANG_WARN_QUOTED_INCLUDE_IN_FRAMEWORK_HEADER = YES;
				CLANG_WARN_RANGE_LOOP_ANALYSIS = YES;
				CLANG_WARN_STRICT_PROTOTYPES = YES;
				CLANG_WARN_SUSPICIOUS_MOVE = YES;
				CLANG_WARN_UNGUARDED_AVAILABILITY = YES_AGGRESSIVE;
				CLANG_WARN_UNREACHABLE_CODE = YES;
				CLANG_WARN__DUPLICATE_METHOD_MATCH = YES;
				COPY_PHASE_STRIP = NO;
				DEBUG_INFORMATION_FORMAT = dwarf;
				ENABLE_STRICT_OBJC_MSGSEND = YES;
				ENABLE_TESTABILITY = YES;
				GCC_C_LANGUAGE_STANDARD = gnu11;
				GCC_DYNAMIC_NO_PIC = NO;
				GCC_NO_COMMON_BLOCKS = YES;
				GCC_OPTIMIZATION_LEVEL = 0;
				GCC_PREPROCESSOR_DEFINITIONS = (
					"DEBUG=1",
					"$(inherited)",
				);
				GCC_WARN_64_TO_32_BIT_CONVERSION = YES;
				GCC_WARN_ABOUT_RETURN_TYPE = YES_ERROR;
				GCC_WARN_UNDECLARED_SELECTOR = YES;
				GCC_WARN_UNINITIALIZED_AUTOS = YES_AGGRESSIVE;
				GCC_WARN_UNUSED_FUNCTION = YES;
				GCC_WARN_UNUSED_VARIABLE = YES;
				IPHONEOS_DEPLOYMENT_TARGET = 16.2;
				MTL_ENABLE_DEBUG_INFO = INCLUDE_SOURCE;
				MTL_FAST_MATH = YES;
				ONLY_ACTIVE_ARCH = YES;
				SDKROOT = iphoneos;
				SWIFT_ACTIVE_COMPILATION_CONDITIONS = DEBUG;
				SWIFT_OPTIMIZATION_LEVEL = "-Onone";
			};
			name = Debug;
		};
		A80EA3762AB61889002DFC35 /* Release */ = {
			isa = XCBuildConfiguration;
			buildSettings = {
				ALWAYS_SEARCH_USER_PATHS = NO;
				CLANG_ANALYZER_NONNULL = YES;
				CLANG_ANALYZER_NUMBER_OBJECT_CONVERSION = YES_AGGRESSIVE;
				CLANG_CXX_LANGUAGE_STANDARD = "gnu++20";
				CLANG_ENABLE_MODULES = YES;
				CLANG_ENABLE_OBJC_ARC = YES;
				CLANG_ENABLE_OBJC_WEAK = YES;
				CLANG_WARN_BLOCK_CAPTURE_AUTORELEASING = YES;
				CLANG_WARN_BOOL_CONVERSION = YES;
				CLANG_WARN_COMMA = YES;
				CLANG_WARN_CONSTANT_CONVERSION = YES;
				CLANG_WARN_DEPRECATED_OBJC_IMPLEMENTATIONS = YES;
				CLANG_WARN_DIRECT_OBJC_ISA_USAGE = YES_ERROR;
				CLANG_WARN_DOCUMENTATION_COMMENTS = YES;
				CLANG_WARN_EMPTY_BODY = YES;
				CLANG_WARN_ENUM_CONVERSION = YES;
				CLANG_WARN_INFINITE_RECURSION = YES;
				CLANG_WARN_INT_CONVERSION = YES;
				CLANG_WARN_NON_LITERAL_NULL_CONVERSION = YES;
				CLANG_WARN_OBJC_IMPLICIT_RETAIN_SELF = YES;
				CLANG_WARN_OBJC_LITERAL_CONVERSION = YES;
				CLANG_WARN_OBJC_ROOT_CLASS = YES_ERROR;
				CLANG_WARN_QUOTED_INCLUDE_IN_FRAMEWORK_HEADER = YES;
				CLANG_WARN_RANGE_LOOP_ANALYSIS = YES;
				CLANG_WARN_STRICT_PROTOTYPES = YES;
				CLANG_WARN_SUSPICIOUS_MOVE = YES;
				CLANG_WARN_UNGUARDED_AVAILABILITY = YES_AGGRESSIVE;
				CLANG_WARN_UNREACHABLE_CODE = YES;
				CLANG_WARN__DUPLICATE_METHOD_MATCH = YES;
				COPY_PHASE_STRIP = NO;
				DEBUG_INFORMATION_FORMAT = "dwarf-with-dsym";
				ENABLE_NS_ASSERTIONS = NO;
				ENABLE_STRICT_OBJC_MSGSEND = YES;
				GCC_C_LANGUAGE_STANDARD = gnu11;
				GCC_NO_COMMON_BLOCKS = YES;
				GCC_WARN_64_TO_32_BIT_CONVERSION = YES;
				GCC_WARN_ABOUT_RETURN_TYPE = YES_ERROR;
				GCC_WARN_UNDECLARED_SELECTOR = YES;
				GCC_WARN_UNINITIALIZED_AUTOS = YES_AGGRESSIVE;
				GCC_WARN_UNUSED_FUNCTION = YES;
				GCC_WARN_UNUSED_VARIABLE = YES;
				IPHONEOS_DEPLOYMENT_TARGET = 16.2;
				MTL_ENABLE_DEBUG_INFO = NO;
				MTL_FAST_MATH = YES;
				SDKROOT = iphoneos;
				SWIFT_COMPILATION_MODE = wholemodule;
				SWIFT_OPTIMIZATION_LEVEL = "-O";
				VALIDATE_PRODUCT = YES;
			};
			name = Release;
		};
		A80EA3782AB61889002DFC35 /* Debug */ = {
			isa = XCBuildConfiguration;
			buildSettings = {
				ASSETCATALOG_COMPILER_APPICON_NAME = AppIcon;
				ASSETCATALOG_COMPILER_GLOBAL_ACCENT_COLOR_NAME = AccentColor;
				CODE_SIGN_IDENTITY = "Apple Development";
				CODE_SIGN_STYLE = Automatic;
				CURRENT_PROJECT_VERSION = 1;
				DEVELOPMENT_ASSET_PATHS = "\"AutoSoundtrack/Preview Content\"";
				DEVELOPMENT_TEAM = A95W9YXFVA;
				ENABLE_PREVIEWS = YES;
				GENERATE_INFOPLIST_FILE = YES;
				INFOPLIST_FILE = AutoSoundtrack/Info.plist;
				INFOPLIST_KEY_UIApplicationSceneManifest_Generation = YES;
				INFOPLIST_KEY_UIApplicationSupportsIndirectInputEvents = YES;
				INFOPLIST_KEY_UILaunchScreen_Generation = YES;
				INFOPLIST_KEY_UISupportedInterfaceOrientations_iPad = "UIInterfaceOrientationPortrait UIInterfaceOrientationPortraitUpsideDown UIInterfaceOrientationLandscapeLeft UIInterfaceOrientationLandscapeRight";
				INFOPLIST_KEY_UISupportedInterfaceOrientations_iPhone = "UIInterfaceOrientationPortrait UIInterfaceOrientationLandscapeLeft UIInterfaceOrientationLandscapeRight";
				IPHONEOS_DEPLOYMENT_TARGET = 16.1;
				LD_RUNPATH_SEARCH_PATHS = (
					"$(inherited)",
					"@executable_path/Frameworks",
				);
				MARKETING_VERSION = 1.0;
				PRODUCT_BUNDLE_IDENTIFIER = ma.matthews.AutoSoundtrack;
				PRODUCT_NAME = "$(TARGET_NAME)";
				PROVISIONING_PROFILE_SPECIFIER = "";
				SWIFT_EMIT_LOC_STRINGS = YES;
				SWIFT_VERSION = 5.0;
				TARGETED_DEVICE_FAMILY = "1,2";
			};
			name = Debug;
		};
		A80EA3792AB61889002DFC35 /* Release */ = {
			isa = XCBuildConfiguration;
			buildSettings = {
				ASSETCATALOG_COMPILER_APPICON_NAME = AppIcon;
				ASSETCATALOG_COMPILER_GLOBAL_ACCENT_COLOR_NAME = AccentColor;
				CODE_SIGN_IDENTITY = "Apple Development";
				CODE_SIGN_STYLE = Automatic;
				CURRENT_PROJECT_VERSION = 1;
				DEVELOPMENT_ASSET_PATHS = "\"AutoSoundtrack/Preview Content\"";
				DEVELOPMENT_TEAM = A95W9YXFVA;
				ENABLE_PREVIEWS = YES;
				GENERATE_INFOPLIST_FILE = YES;
				INFOPLIST_FILE = AutoSoundtrack/Info.plist;
				INFOPLIST_KEY_UIApplicationSceneManifest_Generation = YES;
				INFOPLIST_KEY_UIApplicationSupportsIndirectInputEvents = YES;
				INFOPLIST_KEY_UILaunchScreen_Generation = YES;
				INFOPLIST_KEY_UISupportedInterfaceOrientations_iPad = "UIInterfaceOrientationPortrait UIInterfaceOrientationPortraitUpsideDown UIInterfaceOrientationLandscapeLeft UIInterfaceOrientationLandscapeRight";
				INFOPLIST_KEY_UISupportedInterfaceOrientations_iPhone = "UIInterfaceOrientationPortrait UIInterfaceOrientationLandscapeLeft UIInterfaceOrientationLandscapeRight";
				IPHONEOS_DEPLOYMENT_TARGET = 16.1;
				LD_RUNPATH_SEARCH_PATHS = (
					"$(inherited)",
					"@executable_path/Frameworks",
				);
				MARKETING_VERSION = 1.0;
				PRODUCT_BUNDLE_IDENTIFIER = ma.matthews.AutoSoundtrack;
				PRODUCT_NAME = "$(TARGET_NAME)";
				PROVISIONING_PROFILE_SPECIFIER = "";
				SWIFT_EMIT_LOC_STRINGS = YES;
				SWIFT_VERSION = 5.0;
				TARGETED_DEVICE_FAMILY = "1,2";
			};
			name = Release;
		};
/* End XCBuildConfiguration section */

/* Begin XCConfigurationList section */
		A80EA3642AB61884002DFC35 /* Build configuration list for PBXProject "AutoSoundtrack" */ = {
			isa = XCConfigurationList;
			buildConfigurations = (
				A80EA3752AB61889002DFC35 /* Debug */,
				A80EA3762AB61889002DFC35 /* Release */,
			);
			defaultConfigurationIsVisible = 0;
			defaultConfigurationName = Release;
		};
		A80EA3772AB61889002DFC35 /* Build configuration list for PBXNativeTarget "AutoSoundtrack" */ = {
			isa = XCConfigurationList;
			buildConfigurations = (
				A80EA3782AB61889002DFC35 /* Debug */,
				A80EA3792AB61889002DFC35 /* Release */,
			);
			defaultConfigurationIsVisible = 0;
			defaultConfigurationName = Release;
		};
/* End XCConfigurationList section */
	};
	rootObject = A80EA3612AB61884002DFC35 /* Project object */;
}
